
Microsoft Visual Studio Solution File, Format Version 12.00
# Visual Studio 14
VisualStudioVersion = 14.0.25420.1
MinimumVisualStudioVersion = 10.0.40219.1
Project("{FAE04EC0-301F-11D3-BF4B-00C04F79EFBC}") = "DemoTaladThaiWg.Shell", "DemoTaladThaiWg\DemoTaladThaiWg.Shell.csproj", "{F85A7DEB-59AB-4540-BFF1-3D1631A29D63}"
EndProject
Project("{2150E333-8FDC-42A3-9474-1A3956D46DE8}") = "1.6-Infrastructure", "1.6-Infrastructure", "{1812A269-8855-4269-8D12-17540D2CFBC2}"
EndProject
Project("{2150E333-8FDC-42A3-9474-1A3956D46DE8}") = "1.1-Presentation", "1.1-Presentation", "{F58F617D-9DDC-4001-B312-E91DDE9660EF}"
EndProject
Project("{FAE04EC0-301F-11D3-BF4B-00C04F79EFBC}") = "Cet.Core.Utility", "Cet.Core.Utility\Cet.Core.Utility.csproj", "{9346BBD1-7BC7-47C6-B747-B4A147901B6F}"
EndProject
Project("{FAE04EC0-301F-11D3-BF4B-00C04F79EFBC}") = "Cet.SmartClient.Client", "Cet.SmartClient.Client\Cet.SmartClient.Client.csproj", "{61C439D8-6B62-464E-84C8-53353374F0F9}"
EndProject
Project("{FAE04EC0-301F-11D3-BF4B-00C04F79EFBC}") = "Cet.Core", "Cet.Core\Cet.Core.csproj", "{3A9F6890-3D54-49E8-9482-AF67786C0DA8}"
EndProject
Project("{FAE04EC0-301F-11D3-BF4B-00C04F79EFBC}") = "Windows8_WPF", "References\Telerik\Themes.Implicit\WPF40\Windows8\Windows8_WPF.csproj", "{87D19EAA-2579-4660-94EA-F45B05EF6FD8}"
EndProject
Project("{FAE04EC0-301F-11D3-BF4B-00C04F79EFBC}") = "Cet.Hw.Core.SmartClient", "Cet.Hw.Core.SmartClient\Cet.Hw.Core.SmartClient.csproj", "{6AA5270D-8327-4C9D-AD63-7424EEB87210}"
EndProject
Project("{FAE04EC0-301F-11D3-BF4B-00C04F79EFBC}") = "Cet.Hw.Core", "Cet.Hw.Core\Cet.Hw.Core.csproj", "{9FB76912-0215-4BB2-ACBB-D62E84C7CA54}"
EndProject
Project("{FAE04EC0-301F-11D3-BF4B-00C04F79EFBC}") = "Cet.Hw.Core.AppServiceContract", "Cet.Hw.Core.AppServiceContract\Cet.Hw.Core.AppServiceContract.csproj", "{3F05C693-1AE0-4F4C-80C8-EFD3F3940DAC}"
EndProject
Project("{FAE04EC0-301F-11D3-BF4B-00C04F79EFBC}") = "DemoTalaadThaiWg.AppServiceContract", "DemoTalaadThaiWg.AppServiceContract\DemoTalaadThaiWg.AppServiceContract.csproj", "{C0D7A887-1E8F-4702-91D8-D5FD2049D941}"
EndProject
Project("{2150E333-8FDC-42A3-9474-1A3956D46DE8}") = "1.3-Application", "1.3-Application", "{26CA6290-1880-4F26-B760-92A2AA9A2D77}"
EndProject
Project("{2150E333-8FDC-42A3-9474-1A3956D46DE8}") = "1.4-Domain", "1.4-Domain", "{9B56ADC0-26B3-4060-8944-F89847EB85A3}"
EndProject
Project("{FAE04EC0-301F-11D3-BF4B-00C04F79EFBC}") = "DemoTalaadThaiWg.Domain", "DemoTalaadThaiWg.Domain\DemoTalaadThaiWg.Domain.csproj", "{2B6AAE41-B077-4750-A569-1780878C0C18}"
EndProject
Project("{FAE04EC0-301F-11D3-BF4B-00C04F79EFBC}") = "Cet.Hw.Core.Domain", "Cet.Hw.Core.Domain\Cet.Hw.Core.Domain.csproj", "{DC70CB6E-094D-4A81-B383-EBA08BFA82C3}"
EndProject
Project("{FAE04EC0-301F-11D3-BF4B-00C04F79EFBC}") = "Cet.EntityFramework.Adaptor", "Cet.EntityFramework.Adaptor\Cet.EntityFramework.Adaptor.csproj", "{B3ACABB4-7A6B-451D-B8C4-B446BE54DA57}"
EndProject
Project("{FAE04EC0-301F-11D3-BF4B-00C04F79EFBC}") = "DemoTalaadThai.AppService", "DemoTalaadThai.AppService\DemoTalaadThai.AppService.csproj", "{C5AC03B2-62C3-4E0F-84B7-434046759957}"
EndProject
Project("{2150E333-8FDC-42A3-9474-1A3956D46DE8}") = "1.5-Data", "1.5-Data", "{F2F9D04A-619D-4DC0-8A05-B7F5D840CA23}"
EndProject
Project("{FAE04EC0-301F-11D3-BF4B-00C04F79EFBC}") = "DemoTalaadThaiWg.Data", "DemoTalaadThaiWg.Data\DemoTalaadThaiWg.Data.csproj", "{34F8A62A-B1E4-4C0D-88C8-BB8A0AD85E38}"
EndProject
Global
	GlobalSection(SolutionConfigurationPlatforms) = preSolution
		Debug|Any CPU = Debug|Any CPU
		Release|Any CPU = Release|Any CPU
	EndGlobalSection
	GlobalSection(ProjectConfigurationPlatforms) = postSolution
		{F85A7DEB-59AB-4540-BFF1-3D1631A29D63}.Debug|Any CPU.ActiveCfg = Debug|Any CPU
		{F85A7DEB-59AB-4540-BFF1-3D1631A29D63}.Debug|Any CPU.Build.0 = Debug|Any CPU
		{F85A7DEB-59AB-4540-BFF1-3D1631A29D63}.Release|Any CPU.ActiveCfg = Release|Any CPU
		{F85A7DEB-59AB-4540-BFF1-3D1631A29D63}.Release|Any CPU.Build.0 = Release|Any CPU
		{9346BBD1-7BC7-47C6-B747-B4A147901B6F}.Debug|Any CPU.ActiveCfg = Debug|Any CPU
		{9346BBD1-7BC7-47C6-B747-B4A147901B6F}.Debug|Any CPU.Build.0 = Debug|Any CPU
		{9346BBD1-7BC7-47C6-B747-B4A147901B6F}.Release|Any CPU.ActiveCfg = Release|Any CPU
		{9346BBD1-7BC7-47C6-B747-B4A147901B6F}.Release|Any CPU.Build.0 = Release|Any CPU
		{61C439D8-6B62-464E-84C8-53353374F0F9}.Debug|Any CPU.ActiveCfg = Debug|Any CPU
		{61C439D8-6B62-464E-84C8-53353374F0F9}.Debug|Any CPU.Build.0 = Debug|Any CPU
		{61C439D8-6B62-464E-84C8-53353374F0F9}.Release|Any CPU.ActiveCfg = Release|Any CPU
		{61C439D8-6B62-464E-84C8-53353374F0F9}.Release|Any CPU.Build.0 = Release|Any CPU
		{3A9F6890-3D54-49E8-9482-AF67786C0DA8}.Debug|Any CPU.ActiveCfg = Debug|Any CPU
		{3A9F6890-3D54-49E8-9482-AF67786C0DA8}.Debug|Any CPU.Build.0 = Debug|Any CPU
		{3A9F6890-3D54-49E8-9482-AF67786C0DA8}.Release|Any CPU.ActiveCfg = Release|Any CPU
		{3A9F6890-3D54-49E8-9482-AF67786C0DA8}.Release|Any CPU.Build.0 = Release|Any CPU
		{87D19EAA-2579-4660-94EA-F45B05EF6FD8}.Debug|Any CPU.ActiveCfg = Debug|Any CPU
		{87D19EAA-2579-4660-94EA-F45B05EF6FD8}.Debug|Any CPU.Build.0 = Debug|Any CPU
		{87D19EAA-2579-4660-94EA-F45B05EF6FD8}.Release|Any CPU.ActiveCfg = Release|Any CPU
		{87D19EAA-2579-4660-94EA-F45B05EF6FD8}.Release|Any CPU.Build.0 = Release|Any CPU
		{6AA5270D-8327-4C9D-AD63-7424EEB87210}.Debug|Any CPU.ActiveCfg = Debug|Any CPU
		{6AA5270D-8327-4C9D-AD63-7424EEB87210}.Debug|Any CPU.Build.0 = Debug|Any CPU
		{6AA5270D-8327-4C9D-AD63-7424EEB87210}.Release|Any CPU.ActiveCfg = Release|Any CPU
		{6AA5270D-8327-4C9D-AD63-7424EEB87210}.Release|Any CPU.Build.0 = Release|Any CPU
		{9FB76912-0215-4BB2-ACBB-D62E84C7CA54}.Debug|Any CPU.ActiveCfg = Debug|Any CPU
		{9FB76912-0215-4BB2-ACBB-D62E84C7CA54}.Debug|Any CPU.Build.0 = Debug|Any CPU
		{9FB76912-0215-4BB2-ACBB-D62E84C7CA54}.Release|Any CPU.ActiveCfg = Release|Any CPU
		{9FB76912-0215-4BB2-ACBB-D62E84C7CA54}.Release|Any CPU.Build.0 = Release|Any CPU
		{3F05C693-1AE0-4F4C-80C8-EFD3F3940DAC}.Debug|Any CPU.ActiveCfg = Debug|Any CPU
		{3F05C693-1AE0-4F4C-80C8-EFD3F3940DAC}.Debug|Any CPU.Build.0 = Debug|Any CPU
		{3F05C693-1AE0-4F4C-80C8-EFD3F3940DAC}.Release|Any CPU.ActiveCfg = Release|Any CPU
		{3F05C693-1AE0-4F4C-80C8-EFD3F3940DAC}.Release|Any CPU.Build.0 = Release|Any CPU
		{C0D7A887-1E8F-4702-91D8-D5FD2049D941}.Debug|Any CPU.ActiveCfg = Debug|Any CPU
		{C0D7A887-1E8F-4702-91D8-D5FD2049D941}.Debug|Any CPU.Build.0 = Debug|Any CPU
		{C0D7A887-1E8F-4702-91D8-D5FD2049D941}.Release|Any CPU.ActiveCfg = Release|Any CPU
		{C0D7A887-1E8F-4702-91D8-D5FD2049D941}.Release|Any CPU.Build.0 = Release|Any CPU
		{2B6AAE41-B077-4750-A569-1780878C0C18}.Debug|Any CPU.ActiveCfg = Debug|Any CPU
		{2B6AAE41-B077-4750-A569-1780878C0C18}.Debug|Any CPU.Build.0 = Debug|Any CPU
		{2B6AAE41-B077-4750-A569-1780878C0C18}.Release|Any CPU.ActiveCfg = Release|Any CPU
		{2B6AAE41-B077-4750-A569-1780878C0C18}.Release|Any CPU.Build.0 = Release|Any CPU
		{DC70CB6E-094D-4A81-B383-EBA08BFA82C3}.Debug|Any CPU.ActiveCfg = Debug|Any CPU
		{DC70CB6E-094D-4A81-B383-EBA08BFA82C3}.Debug|Any CPU.Build.0 = Debug|Any CPU
		{DC70CB6E-094D-4A81-B383-EBA08BFA82C3}.Release|Any CPU.ActiveCfg = Release|Any CPU
		{DC70CB6E-094D-4A81-B383-EBA08BFA82C3}.Release|Any CPU.Build.0 = Release|Any CPU
		{B3ACABB4-7A6B-451D-B8C4-B446BE54DA57}.Debug|Any CPU.ActiveCfg = Debug|Any CPU
		{B3ACABB4-7A6B-451D-B8C4-B446BE54DA57}.Debug|Any CPU.Build.0 = Debug|Any CPU
		{B3ACABB4-7A6B-451D-B8C4-B446BE54DA57}.Release|Any CPU.ActiveCfg = Release|Any CPU
		{B3ACABB4-7A6B-451D-B8C4-B446BE54DA57}.Release|Any CPU.Build.0 = Release|Any CPU
		{C5AC03B2-62C3-4E0F-84B7-434046759957}.Debug|Any CPU.ActiveCfg = Debug|Any CPU
		{C5AC03B2-62C3-4E0F-84B7-434046759957}.Debug|Any CPU.Build.0 = Debug|Any CPU
		{C5AC03B2-62C3-4E0F-84B7-434046759957}.Release|Any CPU.ActiveCfg = Release|Any CPU
		{C5AC03B2-62C3-4E0F-84B7-434046759957}.Release|Any CPU.Build.0 = Release|Any CPU
		{34F8A62A-B1E4-4C0D-88C8-BB8A0AD85E38}.Debug|Any CPU.ActiveCfg = Debug|Any CPU
		{34F8A62A-B1E4-4C0D-88C8-BB8A0AD85E38}.Debug|Any CPU.Build.0 = Debug|Any CPU
		{34F8A62A-B1E4-4C0D-88C8-BB8A0AD85E38}.Release|Any CPU.ActiveCfg = Release|Any CPU
		{34F8A62A-B1E4-4C0D-88C8-BB8A0AD85E38}.Release|Any CPU.Build.0 = Release|Any CPU
	EndGlobalSection
	GlobalSection(SolutionProperties) = preSolution
		HideSolutionNode = FALSE
	EndGlobalSection
	GlobalSection(NestedProjects) = preSolution
		{F85A7DEB-59AB-4540-BFF1-3D1631A29D63} = {F58F617D-9DDC-4001-B312-E91DDE9660EF}
		{9346BBD1-7BC7-47C6-B747-B4A147901B6F} = {1812A269-8855-4269-8D12-17540D2CFBC2}
		{61C439D8-6B62-464E-84C8-53353374F0F9} = {1812A269-8855-4269-8D12-17540D2CFBC2}
		{3A9F6890-3D54-49E8-9482-AF67786C0DA8} = {1812A269-8855-4269-8D12-17540D2CFBC2}
		{87D19EAA-2579-4660-94EA-F45B05EF6FD8} = {1812A269-8855-4269-8D12-17540D2CFBC2}
		{6AA5270D-8327-4C9D-AD63-7424EEB87210} = {F58F617D-9DDC-4001-B312-E91DDE9660EF}
		{9FB76912-0215-4BB2-ACBB-D62E84C7CA54} = {26CA6290-1880-4F26-B760-92A2AA9A2D77}
		{3F05C693-1AE0-4F4C-80C8-EFD3F3940DAC} = {26CA6290-1880-4F26-B760-92A2AA9A2D77}
		{C0D7A887-1E8F-4702-91D8-D5FD2049D941} = {26CA6290-1880-4F26-B760-92A2AA9A2D77}
		{2B6AAE41-B077-4750-A569-1780878C0C18} = {9B56ADC0-26B3-4060-8944-F89847EB85A3}
		{DC70CB6E-094D-4A81-B383-EBA08BFA82C3} = {9B56ADC0-26B3-4060-8944-F89847EB85A3}
		{B3ACABB4-7A6B-451D-B8C4-B446BE54DA57} = {1812A269-8855-4269-8D12-17540D2CFBC2}
		{C5AC03B2-62C3-4E0F-84B7-434046759957} = {26CA6290-1880-4F26-B760-92A2AA9A2D77}
		{34F8A62A-B1E4-4C0D-88C8-BB8A0AD85E38} = {F2F9D04A-619D-4DC0-8A05-B7F5D840CA23}
	EndGlobalSection
EndGlobal
