
Microsoft Visual Studio Solution File, Format Version 12.00
# Visual Studio Version 16
VisualStudioVersion = 16.0.30413.136
MinimumVisualStudioVersion = 10.0.40219.1
Project("{2150E333-8FDC-42A3-9474-1A3956D46DE8}") = "1-Layer", "1-Layer", "{E55BA93A-01CC-4E24-82CC-AD8C680329D4}"
EndProject
Project("{2150E333-8FDC-42A3-9474-1A3956D46DE8}") = "2-Database", "2-Database", "{1022CC91-BF75-4FFA-BABB-A9D23D6A5D3F}"
EndProject
Project("{2150E333-8FDC-42A3-9474-1A3956D46DE8}") = "3-AutomatedTesting", "3-AutomatedTesting", "{D77549C6-89FD-4807-92E6-7DF66BE5219B}"
EndProject
Project("{2150E333-8FDC-42A3-9474-1A3956D46DE8}") = "1.1-Presentation", "1.1-Presentation", "{B909A0E6-C1D0-499A-A17B-1839979803E5}"
EndProject
Project("{FAE04EC0-301F-11D3-BF4B-00C04F79EFBC}") = "TalaadThaiWg.Shell", "TalaadThaiWg.Shell\TalaadThaiWg.Shell.csproj", "{079CC5F6-2575-4E40-9F3B-2500B2D21EDF}"
EndProject
Project("{2150E333-8FDC-42A3-9474-1A3956D46DE8}") = "1.6-Infrastructure", "1.6-Infrastructure", "{10379638-B5B1-474D-B87E-AC70EDDFB637}"
EndProject
Project("{FAE04EC0-301F-11D3-BF4B-00C04F79EFBC}") = "Cet.Core.Utility", "Cet.Core.Utility\Cet.Core.Utility.csproj", "{9346BBD1-7BC7-47C6-B747-B4A147901B6F}"
EndProject
Project("{FAE04EC0-301F-11D3-BF4B-00C04F79EFBC}") = "Cet.Core", "Cet.Core\Cet.Core.csproj", "{3A9F6890-3D54-49E8-9482-AF67786C0DA8}"
EndProject
Project("{FAE04EC0-301F-11D3-BF4B-00C04F79EFBC}") = "Cet.SmartClient.Client", "Cet.SmartClient.Client\Cet.SmartClient.Client.csproj", "{61C439D8-6B62-464E-84C8-53353374F0F9}"
EndProject
Project("{FAE04EC0-301F-11D3-BF4B-00C04F79EFBC}") = "Measuring.SmartClient", "Measuring.SmartClient\Measuring.SmartClient.csproj", "{8A0D9159-AA26-4D51-AFDD-B6253B7AC562}"
EndProject
Project("{FAE04EC0-301F-11D3-BF4B-00C04F79EFBC}") = "UnityWcfExtensions", "UnityWcfExtensions\UnityWcfExtensions\UnityWcfExtensions.csproj", "{578D9E20-F142-4EFD-A57E-0B97B8269A90}"
EndProject
Project("{FAE04EC0-301F-11D3-BF4B-00C04F79EFBC}") = "Windows8_WPF", "References\Telerik\Themes.Implicit\WPF40\Windows8\Windows8_WPF.csproj", "{87D19EAA-2579-4660-94EA-F45B05EF6FD8}"
EndProject
Project("{2150E333-8FDC-42A3-9474-1A3956D46DE8}") = "1.3-Application", "1.3-Application", "{59B69117-DAF5-4EF4-AFC8-F2056204CF06}"
EndProject
Project("{2150E333-8FDC-42A3-9474-1A3956D46DE8}") = "1.4-Domain", "1.4-Domain", "{8ECAA0A7-9944-4271-84E9-689022B890A5}"
EndProject
Project("{FAE04EC0-301F-11D3-BF4B-00C04F79EFBC}") = "Measurement.AppServiceContract", "Measurement.AppServiceContract\Measurement.AppServiceContract.csproj", "{C8CB4689-831F-4C5D-8250-7E73501F5C50}"
EndProject
Project("{FAE04EC0-301F-11D3-BF4B-00C04F79EFBC}") = "Measurement", "Measurement\Measurement.csproj", "{208FCA99-1FD4-4AB5-B07C-DBB836995460}"
EndProject
Project("{FAE04EC0-301F-11D3-BF4B-00C04F79EFBC}") = "Cet.Hw.Core.AppServiceContract", "Cet.Hw.Core.AppServiceContract\Cet.Hw.Core.AppServiceContract.csproj", "{3F05C693-1AE0-4F4C-80C8-EFD3F3940DAC}"
EndProject
Project("{FAE04EC0-301F-11D3-BF4B-00C04F79EFBC}") = "Cet.Hw.Core", "Cet.Hw.Core\Cet.Hw.Core.csproj", "{9FB76912-0215-4BB2-ACBB-D62E84C7CA54}"
EndProject
Project("{FAE04EC0-301F-11D3-BF4B-00C04F79EFBC}") = "Cet.Hw.Core.SmartClient", "Cet.Hw.Core.SmartClient\Cet.Hw.Core.SmartClient.csproj", "{6AA5270D-8327-4C9D-AD63-7424EEB87210}"
EndProject
Project("{FAE04EC0-301F-11D3-BF4B-00C04F79EFBC}") = "DemoTalaadThai.AppService", "DemoTalaadThai.AppService\DemoTalaadThai.AppService.csproj", "{C5AC03B2-62C3-4E0F-84B7-434046759957}"
EndProject
Project("{FAE04EC0-301F-11D3-BF4B-00C04F79EFBC}") = "DemoTalaadThaiWg.AppServiceContract", "DemoTalaadThaiWg.AppServiceContract\DemoTalaadThaiWg.AppServiceContract.csproj", "{C0D7A887-1E8F-4702-91D8-D5FD2049D941}"
EndProject
Project("{FAE04EC0-301F-11D3-BF4B-00C04F79EFBC}") = "DemoTalaadThaiWg.Domain", "DemoTalaadThaiWg.Domain\DemoTalaadThaiWg.Domain.csproj", "{2B6AAE41-B077-4750-A569-1780878C0C18}"
EndProject
Project("{2150E333-8FDC-42A3-9474-1A3956D46DE8}") = "1.5-Data", "1.5-Data", "{03EB395C-F28F-49B8-B935-242F02E36E33}"
EndProject
Project("{FAE04EC0-301F-11D3-BF4B-00C04F79EFBC}") = "Cet.EntityFramework.Adaptor", "Cet.EntityFramework.Adaptor\Cet.EntityFramework.Adaptor.csproj", "{B3ACABB4-7A6B-451D-B8C4-B446BE54DA57}"
EndProject
Project("{FAE04EC0-301F-11D3-BF4B-00C04F79EFBC}") = "DemoTalaadThaiWg.Data", "DemoTalaadThaiWg.Data\DemoTalaadThaiWg.Data.csproj", "{34F8A62A-B1E4-4C0D-88C8-BB8A0AD85E38}"
EndProject
Global
	GlobalSection(SolutionConfigurationPlatforms) = preSolution
		Debug|Any CPU = Debug|Any CPU
		Debug|x86 = Debug|x86
		DebugDev|Any CPU = DebugDev|Any CPU
		DebugDev|x86 = DebugDev|x86
		DebugQas|Any CPU = DebugQas|Any CPU
		DebugQas|x86 = DebugQas|x86
		Release|Any CPU = Release|Any CPU
		Release|x86 = Release|x86
	EndGlobalSection
	GlobalSection(ProjectConfigurationPlatforms) = postSolution
		{079CC5F6-2575-4E40-9F3B-2500B2D21EDF}.Debug|Any CPU.ActiveCfg = Debug|Any CPU
		{079CC5F6-2575-4E40-9F3B-2500B2D21EDF}.Debug|Any CPU.Build.0 = Debug|Any CPU
		{079CC5F6-2575-4E40-9F3B-2500B2D21EDF}.Debug|x86.ActiveCfg = Debug|Any CPU
		{079CC5F6-2575-4E40-9F3B-2500B2D21EDF}.Debug|x86.Build.0 = Debug|Any CPU
		{079CC5F6-2575-4E40-9F3B-2500B2D21EDF}.DebugDev|Any CPU.ActiveCfg = Debug|Any CPU
		{079CC5F6-2575-4E40-9F3B-2500B2D21EDF}.DebugDev|Any CPU.Build.0 = Debug|Any CPU
		{079CC5F6-2575-4E40-9F3B-2500B2D21EDF}.DebugDev|x86.ActiveCfg = Debug|Any CPU
		{079CC5F6-2575-4E40-9F3B-2500B2D21EDF}.DebugDev|x86.Build.0 = Debug|Any CPU
		{079CC5F6-2575-4E40-9F3B-2500B2D21EDF}.DebugQas|Any CPU.ActiveCfg = Debug|Any CPU
		{079CC5F6-2575-4E40-9F3B-2500B2D21EDF}.DebugQas|Any CPU.Build.0 = Debug|Any CPU
		{079CC5F6-2575-4E40-9F3B-2500B2D21EDF}.DebugQas|x86.ActiveCfg = Debug|Any CPU
		{079CC5F6-2575-4E40-9F3B-2500B2D21EDF}.DebugQas|x86.Build.0 = Debug|Any CPU
		{079CC5F6-2575-4E40-9F3B-2500B2D21EDF}.Release|Any CPU.ActiveCfg = Release|Any CPU
		{079CC5F6-2575-4E40-9F3B-2500B2D21EDF}.Release|Any CPU.Build.0 = Release|Any CPU
		{079CC5F6-2575-4E40-9F3B-2500B2D21EDF}.Release|x86.ActiveCfg = Release|Any CPU
		{079CC5F6-2575-4E40-9F3B-2500B2D21EDF}.Release|x86.Build.0 = Release|Any CPU
		{9346BBD1-7BC7-47C6-B747-B4A147901B6F}.Debug|Any CPU.ActiveCfg = Debug|Any CPU
		{9346BBD1-7BC7-47C6-B747-B4A147901B6F}.Debug|Any CPU.Build.0 = Debug|Any CPU
		{9346BBD1-7BC7-47C6-B747-B4A147901B6F}.Debug|x86.ActiveCfg = Debug|Any CPU
		{9346BBD1-7BC7-47C6-B747-B4A147901B6F}.Debug|x86.Build.0 = Debug|Any CPU
		{9346BBD1-7BC7-47C6-B747-B4A147901B6F}.DebugDev|Any CPU.ActiveCfg = Debug|Any CPU
		{9346BBD1-7BC7-47C6-B747-B4A147901B6F}.DebugDev|Any CPU.Build.0 = Debug|Any CPU
		{9346BBD1-7BC7-47C6-B747-B4A147901B6F}.DebugDev|x86.ActiveCfg = Debug|Any CPU
		{9346BBD1-7BC7-47C6-B747-B4A147901B6F}.DebugDev|x86.Build.0 = Debug|Any CPU
		{9346BBD1-7BC7-47C6-B747-B4A147901B6F}.DebugQas|Any CPU.ActiveCfg = Debug|Any CPU
		{9346BBD1-7BC7-47C6-B747-B4A147901B6F}.DebugQas|Any CPU.Build.0 = Debug|Any CPU
		{9346BBD1-7BC7-47C6-B747-B4A147901B6F}.DebugQas|x86.ActiveCfg = Debug|Any CPU
		{9346BBD1-7BC7-47C6-B747-B4A147901B6F}.DebugQas|x86.Build.0 = Debug|Any CPU
		{9346BBD1-7BC7-47C6-B747-B4A147901B6F}.Release|Any CPU.ActiveCfg = Release|Any CPU
		{9346BBD1-7BC7-47C6-B747-B4A147901B6F}.Release|Any CPU.Build.0 = Release|Any CPU
		{9346BBD1-7BC7-47C6-B747-B4A147901B6F}.Release|x86.ActiveCfg = Release|Any CPU
		{9346BBD1-7BC7-47C6-B747-B4A147901B6F}.Release|x86.Build.0 = Release|Any CPU
		{3A9F6890-3D54-49E8-9482-AF67786C0DA8}.Debug|Any CPU.ActiveCfg = Debug|Any CPU
		{3A9F6890-3D54-49E8-9482-AF67786C0DA8}.Debug|Any CPU.Build.0 = Debug|Any CPU
		{3A9F6890-3D54-49E8-9482-AF67786C0DA8}.Debug|x86.ActiveCfg = Debug|Any CPU
		{3A9F6890-3D54-49E8-9482-AF67786C0DA8}.Debug|x86.Build.0 = Debug|Any CPU
		{3A9F6890-3D54-49E8-9482-AF67786C0DA8}.DebugDev|Any CPU.ActiveCfg = Debug|Any CPU
		{3A9F6890-3D54-49E8-9482-AF67786C0DA8}.DebugDev|Any CPU.Build.0 = Debug|Any CPU
		{3A9F6890-3D54-49E8-9482-AF67786C0DA8}.DebugDev|x86.ActiveCfg = Debug|Any CPU
		{3A9F6890-3D54-49E8-9482-AF67786C0DA8}.DebugDev|x86.Build.0 = Debug|Any CPU
		{3A9F6890-3D54-49E8-9482-AF67786C0DA8}.DebugQas|Any CPU.ActiveCfg = Debug|Any CPU
		{3A9F6890-3D54-49E8-9482-AF67786C0DA8}.DebugQas|Any CPU.Build.0 = Debug|Any CPU
		{3A9F6890-3D54-49E8-9482-AF67786C0DA8}.DebugQas|x86.ActiveCfg = Debug|Any CPU
		{3A9F6890-3D54-49E8-9482-AF67786C0DA8}.DebugQas|x86.Build.0 = Debug|Any CPU
		{3A9F6890-3D54-49E8-9482-AF67786C0DA8}.Release|Any CPU.ActiveCfg = Release|Any CPU
		{3A9F6890-3D54-49E8-9482-AF67786C0DA8}.Release|Any CPU.Build.0 = Release|Any CPU
		{3A9F6890-3D54-49E8-9482-AF67786C0DA8}.Release|x86.ActiveCfg = Release|Any CPU
		{3A9F6890-3D54-49E8-9482-AF67786C0DA8}.Release|x86.Build.0 = Release|Any CPU
		{61C439D8-6B62-464E-84C8-53353374F0F9}.Debug|Any CPU.ActiveCfg = Debug|Any CPU
		{61C439D8-6B62-464E-84C8-53353374F0F9}.Debug|Any CPU.Build.0 = Debug|Any CPU
		{61C439D8-6B62-464E-84C8-53353374F0F9}.Debug|x86.ActiveCfg = Debug|Any CPU
		{61C439D8-6B62-464E-84C8-53353374F0F9}.Debug|x86.Build.0 = Debug|Any CPU
		{61C439D8-6B62-464E-84C8-53353374F0F9}.DebugDev|Any CPU.ActiveCfg = Debug|Any CPU
		{61C439D8-6B62-464E-84C8-53353374F0F9}.DebugDev|Any CPU.Build.0 = Debug|Any CPU
		{61C439D8-6B62-464E-84C8-53353374F0F9}.DebugDev|x86.ActiveCfg = Debug|Any CPU
		{61C439D8-6B62-464E-84C8-53353374F0F9}.DebugDev|x86.Build.0 = Debug|Any CPU
		{61C439D8-6B62-464E-84C8-53353374F0F9}.DebugQas|Any CPU.ActiveCfg = Debug|Any CPU
		{61C439D8-6B62-464E-84C8-53353374F0F9}.DebugQas|Any CPU.Build.0 = Debug|Any CPU
		{61C439D8-6B62-464E-84C8-53353374F0F9}.DebugQas|x86.ActiveCfg = Debug|Any CPU
		{61C439D8-6B62-464E-84C8-53353374F0F9}.DebugQas|x86.Build.0 = Debug|Any CPU
		{61C439D8-6B62-464E-84C8-53353374F0F9}.Release|Any CPU.ActiveCfg = Release|Any CPU
		{61C439D8-6B62-464E-84C8-53353374F0F9}.Release|Any CPU.Build.0 = Release|Any CPU
		{61C439D8-6B62-464E-84C8-53353374F0F9}.Release|x86.ActiveCfg = Release|Any CPU
		{61C439D8-6B62-464E-84C8-53353374F0F9}.Release|x86.Build.0 = Release|Any CPU
		{8A0D9159-AA26-4D51-AFDD-B6253B7AC562}.Debug|Any CPU.ActiveCfg = Debug|Any CPU
		{8A0D9159-AA26-4D51-AFDD-B6253B7AC562}.Debug|Any CPU.Build.0 = Debug|Any CPU
		{8A0D9159-AA26-4D51-AFDD-B6253B7AC562}.Debug|x86.ActiveCfg = Debug|Any CPU
		{8A0D9159-AA26-4D51-AFDD-B6253B7AC562}.Debug|x86.Build.0 = Debug|Any CPU
		{8A0D9159-AA26-4D51-AFDD-B6253B7AC562}.DebugDev|Any CPU.ActiveCfg = Debug|Any CPU
		{8A0D9159-AA26-4D51-AFDD-B6253B7AC562}.DebugDev|Any CPU.Build.0 = Debug|Any CPU
		{8A0D9159-AA26-4D51-AFDD-B6253B7AC562}.DebugDev|x86.ActiveCfg = Debug|Any CPU
		{8A0D9159-AA26-4D51-AFDD-B6253B7AC562}.DebugDev|x86.Build.0 = Debug|Any CPU
		{8A0D9159-AA26-4D51-AFDD-B6253B7AC562}.DebugQas|Any CPU.ActiveCfg = Debug|Any CPU
		{8A0D9159-AA26-4D51-AFDD-B6253B7AC562}.DebugQas|Any CPU.Build.0 = Debug|Any CPU
		{8A0D9159-AA26-4D51-AFDD-B6253B7AC562}.DebugQas|x86.ActiveCfg = Debug|Any CPU
		{8A0D9159-AA26-4D51-AFDD-B6253B7AC562}.DebugQas|x86.Build.0 = Debug|Any CPU
		{8A0D9159-AA26-4D51-AFDD-B6253B7AC562}.Release|Any CPU.ActiveCfg = Release|Any CPU
		{8A0D9159-AA26-4D51-AFDD-B6253B7AC562}.Release|Any CPU.Build.0 = Release|Any CPU
		{8A0D9159-AA26-4D51-AFDD-B6253B7AC562}.Release|x86.ActiveCfg = Release|Any CPU
		{8A0D9159-AA26-4D51-AFDD-B6253B7AC562}.Release|x86.Build.0 = Release|Any CPU
		{578D9E20-F142-4EFD-A57E-0B97B8269A90}.Debug|Any CPU.ActiveCfg = Debug|Any CPU
		{578D9E20-F142-4EFD-A57E-0B97B8269A90}.Debug|Any CPU.Build.0 = Debug|Any CPU
		{578D9E20-F142-4EFD-A57E-0B97B8269A90}.Debug|x86.ActiveCfg = Debug|x86
		{578D9E20-F142-4EFD-A57E-0B97B8269A90}.Debug|x86.Build.0 = Debug|x86
		{578D9E20-F142-4EFD-A57E-0B97B8269A90}.DebugDev|Any CPU.ActiveCfg = DebugDev|Any CPU
		{578D9E20-F142-4EFD-A57E-0B97B8269A90}.DebugDev|Any CPU.Build.0 = DebugDev|Any CPU
		{578D9E20-F142-4EFD-A57E-0B97B8269A90}.DebugDev|x86.ActiveCfg = DebugDev|x86
		{578D9E20-F142-4EFD-A57E-0B97B8269A90}.DebugDev|x86.Build.0 = DebugDev|x86
		{578D9E20-F142-4EFD-A57E-0B97B8269A90}.DebugQas|Any CPU.ActiveCfg = DebugQas|Any CPU
		{578D9E20-F142-4EFD-A57E-0B97B8269A90}.DebugQas|Any CPU.Build.0 = DebugQas|Any CPU
		{578D9E20-F142-4EFD-A57E-0B97B8269A90}.DebugQas|x86.ActiveCfg = DebugQas|x86
		{578D9E20-F142-4EFD-A57E-0B97B8269A90}.DebugQas|x86.Build.0 = DebugQas|x86
		{578D9E20-F142-4EFD-A57E-0B97B8269A90}.Release|Any CPU.ActiveCfg = Release|Any CPU
		{578D9E20-F142-4EFD-A57E-0B97B8269A90}.Release|Any CPU.Build.0 = Release|Any CPU
		{578D9E20-F142-4EFD-A57E-0B97B8269A90}.Release|x86.ActiveCfg = Release|x86
		{578D9E20-F142-4EFD-A57E-0B97B8269A90}.Release|x86.Build.0 = Release|x86
		{87D19EAA-2579-4660-94EA-F45B05EF6FD8}.Debug|Any CPU.ActiveCfg = Debug|Any CPU
		{87D19EAA-2579-4660-94EA-F45B05EF6FD8}.Debug|Any CPU.Build.0 = Debug|Any CPU
		{87D19EAA-2579-4660-94EA-F45B05EF6FD8}.Debug|x86.ActiveCfg = Debug|Any CPU
		{87D19EAA-2579-4660-94EA-F45B05EF6FD8}.Debug|x86.Build.0 = Debug|Any CPU
		{87D19EAA-2579-4660-94EA-F45B05EF6FD8}.DebugDev|Any CPU.ActiveCfg = Debug|Any CPU
		{87D19EAA-2579-4660-94EA-F45B05EF6FD8}.DebugDev|Any CPU.Build.0 = Debug|Any CPU
		{87D19EAA-2579-4660-94EA-F45B05EF6FD8}.DebugDev|x86.ActiveCfg = Debug|Any CPU
		{87D19EAA-2579-4660-94EA-F45B05EF6FD8}.DebugDev|x86.Build.0 = Debug|Any CPU
		{87D19EAA-2579-4660-94EA-F45B05EF6FD8}.DebugQas|Any CPU.ActiveCfg = Debug|Any CPU
		{87D19EAA-2579-4660-94EA-F45B05EF6FD8}.DebugQas|Any CPU.Build.0 = Debug|Any CPU
		{87D19EAA-2579-4660-94EA-F45B05EF6FD8}.DebugQas|x86.ActiveCfg = Debug|Any CPU
		{87D19EAA-2579-4660-94EA-F45B05EF6FD8}.DebugQas|x86.Build.0 = Debug|Any CPU
		{87D19EAA-2579-4660-94EA-F45B05EF6FD8}.Release|Any CPU.ActiveCfg = Release|Any CPU
		{87D19EAA-2579-4660-94EA-F45B05EF6FD8}.Release|Any CPU.Build.0 = Release|Any CPU
		{87D19EAA-2579-4660-94EA-F45B05EF6FD8}.Release|x86.ActiveCfg = Release|Any CPU
		{87D19EAA-2579-4660-94EA-F45B05EF6FD8}.Release|x86.Build.0 = Release|Any CPU
		{C8CB4689-831F-4C5D-8250-7E73501F5C50}.Debug|Any CPU.ActiveCfg = Debug|Any CPU
		{C8CB4689-831F-4C5D-8250-7E73501F5C50}.Debug|Any CPU.Build.0 = Debug|Any CPU
		{C8CB4689-831F-4C5D-8250-7E73501F5C50}.Debug|x86.ActiveCfg = Debug|Any CPU
		{C8CB4689-831F-4C5D-8250-7E73501F5C50}.Debug|x86.Build.0 = Debug|Any CPU
		{C8CB4689-831F-4C5D-8250-7E73501F5C50}.DebugDev|Any CPU.ActiveCfg = Debug|Any CPU
		{C8CB4689-831F-4C5D-8250-7E73501F5C50}.DebugDev|Any CPU.Build.0 = Debug|Any CPU
		{C8CB4689-831F-4C5D-8250-7E73501F5C50}.DebugDev|x86.ActiveCfg = Debug|Any CPU
		{C8CB4689-831F-4C5D-8250-7E73501F5C50}.DebugDev|x86.Build.0 = Debug|Any CPU
		{C8CB4689-831F-4C5D-8250-7E73501F5C50}.DebugQas|Any CPU.ActiveCfg = Debug|Any CPU
		{C8CB4689-831F-4C5D-8250-7E73501F5C50}.DebugQas|Any CPU.Build.0 = Debug|Any CPU
		{C8CB4689-831F-4C5D-8250-7E73501F5C50}.DebugQas|x86.ActiveCfg = Debug|Any CPU
		{C8CB4689-831F-4C5D-8250-7E73501F5C50}.DebugQas|x86.Build.0 = Debug|Any CPU
		{C8CB4689-831F-4C5D-8250-7E73501F5C50}.Release|Any CPU.ActiveCfg = Release|Any CPU
		{C8CB4689-831F-4C5D-8250-7E73501F5C50}.Release|Any CPU.Build.0 = Release|Any CPU
		{C8CB4689-831F-4C5D-8250-7E73501F5C50}.Release|x86.ActiveCfg = Release|Any CPU
		{C8CB4689-831F-4C5D-8250-7E73501F5C50}.Release|x86.Build.0 = Release|Any CPU
		{208FCA99-1FD4-4AB5-B07C-DBB836995460}.Debug|Any CPU.ActiveCfg = Debug|Any CPU
		{208FCA99-1FD4-4AB5-B07C-DBB836995460}.Debug|Any CPU.Build.0 = Debug|Any CPU
		{208FCA99-1FD4-4AB5-B07C-DBB836995460}.Debug|x86.ActiveCfg = Debug|Any CPU
		{208FCA99-1FD4-4AB5-B07C-DBB836995460}.Debug|x86.Build.0 = Debug|Any CPU
		{208FCA99-1FD4-4AB5-B07C-DBB836995460}.DebugDev|Any CPU.ActiveCfg = Debug|Any CPU
		{208FCA99-1FD4-4AB5-B07C-DBB836995460}.DebugDev|Any CPU.Build.0 = Debug|Any CPU
		{208FCA99-1FD4-4AB5-B07C-DBB836995460}.DebugDev|x86.ActiveCfg = Debug|Any CPU
		{208FCA99-1FD4-4AB5-B07C-DBB836995460}.DebugDev|x86.Build.0 = Debug|Any CPU
		{208FCA99-1FD4-4AB5-B07C-DBB836995460}.DebugQas|Any CPU.ActiveCfg = Debug|Any CPU
		{208FCA99-1FD4-4AB5-B07C-DBB836995460}.DebugQas|Any CPU.Build.0 = Debug|Any CPU
		{208FCA99-1FD4-4AB5-B07C-DBB836995460}.DebugQas|x86.ActiveCfg = Debug|Any CPU
		{208FCA99-1FD4-4AB5-B07C-DBB836995460}.DebugQas|x86.Build.0 = Debug|Any CPU
		{208FCA99-1FD4-4AB5-B07C-DBB836995460}.Release|Any CPU.ActiveCfg = Release|Any CPU
		{208FCA99-1FD4-4AB5-B07C-DBB836995460}.Release|Any CPU.Build.0 = Release|Any CPU
		{208FCA99-1FD4-4AB5-B07C-DBB836995460}.Release|x86.ActiveCfg = Release|Any CPU
		{208FCA99-1FD4-4AB5-B07C-DBB836995460}.Release|x86.Build.0 = Release|Any CPU
		{3F05C693-1AE0-4F4C-80C8-EFD3F3940DAC}.Debug|Any CPU.ActiveCfg = Debug|Any CPU
		{3F05C693-1AE0-4F4C-80C8-EFD3F3940DAC}.Debug|Any CPU.Build.0 = Debug|Any CPU
		{3F05C693-1AE0-4F4C-80C8-EFD3F3940DAC}.Debug|x86.ActiveCfg = Debug|Any CPU
		{3F05C693-1AE0-4F4C-80C8-EFD3F3940DAC}.Debug|x86.Build.0 = Debug|Any CPU
		{3F05C693-1AE0-4F4C-80C8-EFD3F3940DAC}.DebugDev|Any CPU.ActiveCfg = Debug|Any CPU
		{3F05C693-1AE0-4F4C-80C8-EFD3F3940DAC}.DebugDev|Any CPU.Build.0 = Debug|Any CPU
		{3F05C693-1AE0-4F4C-80C8-EFD3F3940DAC}.DebugDev|x86.ActiveCfg = Debug|Any CPU
		{3F05C693-1AE0-4F4C-80C8-EFD3F3940DAC}.DebugDev|x86.Build.0 = Debug|Any CPU
		{3F05C693-1AE0-4F4C-80C8-EFD3F3940DAC}.DebugQas|Any CPU.ActiveCfg = Debug|Any CPU
		{3F05C693-1AE0-4F4C-80C8-EFD3F3940DAC}.DebugQas|Any CPU.Build.0 = Debug|Any CPU
		{3F05C693-1AE0-4F4C-80C8-EFD3F3940DAC}.DebugQas|x86.ActiveCfg = Debug|Any CPU
		{3F05C693-1AE0-4F4C-80C8-EFD3F3940DAC}.DebugQas|x86.Build.0 = Debug|Any CPU
		{3F05C693-1AE0-4F4C-80C8-EFD3F3940DAC}.Release|Any CPU.ActiveCfg = Release|Any CPU
		{3F05C693-1AE0-4F4C-80C8-EFD3F3940DAC}.Release|Any CPU.Build.0 = Release|Any CPU
		{3F05C693-1AE0-4F4C-80C8-EFD3F3940DAC}.Release|x86.ActiveCfg = Release|Any CPU
		{3F05C693-1AE0-4F4C-80C8-EFD3F3940DAC}.Release|x86.Build.0 = Release|Any CPU
		{9FB76912-0215-4BB2-ACBB-D62E84C7CA54}.Debug|Any CPU.ActiveCfg = Debug|Any CPU
		{9FB76912-0215-4BB2-ACBB-D62E84C7CA54}.Debug|Any CPU.Build.0 = Debug|Any CPU
		{9FB76912-0215-4BB2-ACBB-D62E84C7CA54}.Debug|x86.ActiveCfg = Debug|Any CPU
		{9FB76912-0215-4BB2-ACBB-D62E84C7CA54}.Debug|x86.Build.0 = Debug|Any CPU
		{9FB76912-0215-4BB2-ACBB-D62E84C7CA54}.DebugDev|Any CPU.ActiveCfg = Debug|Any CPU
		{9FB76912-0215-4BB2-ACBB-D62E84C7CA54}.DebugDev|Any CPU.Build.0 = Debug|Any CPU
		{9FB76912-0215-4BB2-ACBB-D62E84C7CA54}.DebugDev|x86.ActiveCfg = Debug|Any CPU
		{9FB76912-0215-4BB2-ACBB-D62E84C7CA54}.DebugDev|x86.Build.0 = Debug|Any CPU
		{9FB76912-0215-4BB2-ACBB-D62E84C7CA54}.DebugQas|Any CPU.ActiveCfg = Debug|Any CPU
		{9FB76912-0215-4BB2-ACBB-D62E84C7CA54}.DebugQas|Any CPU.Build.0 = Debug|Any CPU
		{9FB76912-0215-4BB2-ACBB-D62E84C7CA54}.DebugQas|x86.ActiveCfg = Debug|Any CPU
		{9FB76912-0215-4BB2-ACBB-D62E84C7CA54}.DebugQas|x86.Build.0 = Debug|Any CPU
		{9FB76912-0215-4BB2-ACBB-D62E84C7CA54}.Release|Any CPU.ActiveCfg = Release|Any CPU
		{9FB76912-0215-4BB2-ACBB-D62E84C7CA54}.Release|Any CPU.Build.0 = Release|Any CPU
		{9FB76912-0215-4BB2-ACBB-D62E84C7CA54}.Release|x86.ActiveCfg = Release|Any CPU
		{9FB76912-0215-4BB2-ACBB-D62E84C7CA54}.Release|x86.Build.0 = Release|Any CPU
		{6AA5270D-8327-4C9D-AD63-7424EEB87210}.Debug|Any CPU.ActiveCfg = Debug|Any CPU
		{6AA5270D-8327-4C9D-AD63-7424EEB87210}.Debug|Any CPU.Build.0 = Debug|Any CPU
		{6AA5270D-8327-4C9D-AD63-7424EEB87210}.Debug|x86.ActiveCfg = Debug|Any CPU
		{6AA5270D-8327-4C9D-AD63-7424EEB87210}.Debug|x86.Build.0 = Debug|Any CPU
		{6AA5270D-8327-4C9D-AD63-7424EEB87210}.DebugDev|Any CPU.ActiveCfg = Debug|Any CPU
		{6AA5270D-8327-4C9D-AD63-7424EEB87210}.DebugDev|Any CPU.Build.0 = Debug|Any CPU
		{6AA5270D-8327-4C9D-AD63-7424EEB87210}.DebugDev|x86.ActiveCfg = Debug|Any CPU
		{6AA5270D-8327-4C9D-AD63-7424EEB87210}.DebugDev|x86.Build.0 = Debug|Any CPU
		{6AA5270D-8327-4C9D-AD63-7424EEB87210}.DebugQas|Any CPU.ActiveCfg = Debug|Any CPU
		{6AA5270D-8327-4C9D-AD63-7424EEB87210}.DebugQas|Any CPU.Build.0 = Debug|Any CPU
		{6AA5270D-8327-4C9D-AD63-7424EEB87210}.DebugQas|x86.ActiveCfg = Debug|Any CPU
		{6AA5270D-8327-4C9D-AD63-7424EEB87210}.DebugQas|x86.Build.0 = Debug|Any CPU
		{6AA5270D-8327-4C9D-AD63-7424EEB87210}.Release|Any CPU.ActiveCfg = Release|Any CPU
		{6AA5270D-8327-4C9D-AD63-7424EEB87210}.Release|Any CPU.Build.0 = Release|Any CPU
		{6AA5270D-8327-4C9D-AD63-7424EEB87210}.Release|x86.ActiveCfg = Release|Any CPU
		{6AA5270D-8327-4C9D-AD63-7424EEB87210}.Release|x86.Build.0 = Release|Any CPU
		{C5AC03B2-62C3-4E0F-84B7-434046759957}.Debug|Any CPU.ActiveCfg = Debug|Any CPU
		{C5AC03B2-62C3-4E0F-84B7-434046759957}.Debug|Any CPU.Build.0 = Debug|Any CPU
		{C5AC03B2-62C3-4E0F-84B7-434046759957}.Debug|x86.ActiveCfg = Debug|Any CPU
		{C5AC03B2-62C3-4E0F-84B7-434046759957}.Debug|x86.Build.0 = Debug|Any CPU
		{C5AC03B2-62C3-4E0F-84B7-434046759957}.DebugDev|Any CPU.ActiveCfg = Debug|Any CPU
		{C5AC03B2-62C3-4E0F-84B7-434046759957}.DebugDev|Any CPU.Build.0 = Debug|Any CPU
		{C5AC03B2-62C3-4E0F-84B7-434046759957}.DebugDev|x86.ActiveCfg = Debug|Any CPU
		{C5AC03B2-62C3-4E0F-84B7-434046759957}.DebugDev|x86.Build.0 = Debug|Any CPU
		{C5AC03B2-62C3-4E0F-84B7-434046759957}.DebugQas|Any CPU.ActiveCfg = Debug|Any CPU
		{C5AC03B2-62C3-4E0F-84B7-434046759957}.DebugQas|Any CPU.Build.0 = Debug|Any CPU
		{C5AC03B2-62C3-4E0F-84B7-434046759957}.DebugQas|x86.ActiveCfg = Debug|Any CPU
		{C5AC03B2-62C3-4E0F-84B7-434046759957}.DebugQas|x86.Build.0 = Debug|Any CPU
		{C5AC03B2-62C3-4E0F-84B7-434046759957}.Release|Any CPU.ActiveCfg = Release|Any CPU
		{C5AC03B2-62C3-4E0F-84B7-434046759957}.Release|Any CPU.Build.0 = Release|Any CPU
		{C5AC03B2-62C3-4E0F-84B7-434046759957}.Release|x86.ActiveCfg = Release|Any CPU
		{C5AC03B2-62C3-4E0F-84B7-434046759957}.Release|x86.Build.0 = Release|Any CPU
		{C0D7A887-1E8F-4702-91D8-D5FD2049D941}.Debug|Any CPU.ActiveCfg = Debug|Any CPU
		{C0D7A887-1E8F-4702-91D8-D5FD2049D941}.Debug|Any CPU.Build.0 = Debug|Any CPU
		{C0D7A887-1E8F-4702-91D8-D5FD2049D941}.Debug|x86.ActiveCfg = Debug|Any CPU
		{C0D7A887-1E8F-4702-91D8-D5FD2049D941}.Debug|x86.Build.0 = Debug|Any CPU
		{C0D7A887-1E8F-4702-91D8-D5FD2049D941}.DebugDev|Any CPU.ActiveCfg = Debug|Any CPU
		{C0D7A887-1E8F-4702-91D8-D5FD2049D941}.DebugDev|Any CPU.Build.0 = Debug|Any CPU
		{C0D7A887-1E8F-4702-91D8-D5FD2049D941}.DebugDev|x86.ActiveCfg = Debug|Any CPU
		{C0D7A887-1E8F-4702-91D8-D5FD2049D941}.DebugDev|x86.Build.0 = Debug|Any CPU
		{C0D7A887-1E8F-4702-91D8-D5FD2049D941}.DebugQas|Any CPU.ActiveCfg = Debug|Any CPU
		{C0D7A887-1E8F-4702-91D8-D5FD2049D941}.DebugQas|Any CPU.Build.0 = Debug|Any CPU
		{C0D7A887-1E8F-4702-91D8-D5FD2049D941}.DebugQas|x86.ActiveCfg = Debug|Any CPU
		{C0D7A887-1E8F-4702-91D8-D5FD2049D941}.DebugQas|x86.Build.0 = Debug|Any CPU
		{C0D7A887-1E8F-4702-91D8-D5FD2049D941}.Release|Any CPU.ActiveCfg = Release|Any CPU
		{C0D7A887-1E8F-4702-91D8-D5FD2049D941}.Release|Any CPU.Build.0 = Release|Any CPU
		{C0D7A887-1E8F-4702-91D8-D5FD2049D941}.Release|x86.ActiveCfg = Release|Any CPU
		{C0D7A887-1E8F-4702-91D8-D5FD2049D941}.Release|x86.Build.0 = Release|Any CPU
		{2B6AAE41-B077-4750-A569-1780878C0C18}.Debug|Any CPU.ActiveCfg = Debug|Any CPU
		{2B6AAE41-B077-4750-A569-1780878C0C18}.Debug|Any CPU.Build.0 = Debug|Any CPU
		{2B6AAE41-B077-4750-A569-1780878C0C18}.Debug|x86.ActiveCfg = Debug|Any CPU
		{2B6AAE41-B077-4750-A569-1780878C0C18}.Debug|x86.Build.0 = Debug|Any CPU
		{2B6AAE41-B077-4750-A569-1780878C0C18}.DebugDev|Any CPU.ActiveCfg = Debug|Any CPU
		{2B6AAE41-B077-4750-A569-1780878C0C18}.DebugDev|Any CPU.Build.0 = Debug|Any CPU
		{2B6AAE41-B077-4750-A569-1780878C0C18}.DebugDev|x86.ActiveCfg = Debug|Any CPU
		{2B6AAE41-B077-4750-A569-1780878C0C18}.DebugDev|x86.Build.0 = Debug|Any CPU
		{2B6AAE41-B077-4750-A569-1780878C0C18}.DebugQas|Any CPU.ActiveCfg = Debug|Any CPU
		{2B6AAE41-B077-4750-A569-1780878C0C18}.DebugQas|Any CPU.Build.0 = Debug|Any CPU
		{2B6AAE41-B077-4750-A569-1780878C0C18}.DebugQas|x86.ActiveCfg = Debug|Any CPU
		{2B6AAE41-B077-4750-A569-1780878C0C18}.DebugQas|x86.Build.0 = Debug|Any CPU
		{2B6AAE41-B077-4750-A569-1780878C0C18}.Release|Any CPU.ActiveCfg = Release|Any CPU
		{2B6AAE41-B077-4750-A569-1780878C0C18}.Release|Any CPU.Build.0 = Release|Any CPU
		{2B6AAE41-B077-4750-A569-1780878C0C18}.Release|x86.ActiveCfg = Release|Any CPU
		{2B6AAE41-B077-4750-A569-1780878C0C18}.Release|x86.Build.0 = Release|Any CPU
		{B3ACABB4-7A6B-451D-B8C4-B446BE54DA57}.Debug|Any CPU.ActiveCfg = Debug|Any CPU
		{B3ACABB4-7A6B-451D-B8C4-B446BE54DA57}.Debug|Any CPU.Build.0 = Debug|Any CPU
		{B3ACABB4-7A6B-451D-B8C4-B446BE54DA57}.Debug|x86.ActiveCfg = Debug|Any CPU
		{B3ACABB4-7A6B-451D-B8C4-B446BE54DA57}.Debug|x86.Build.0 = Debug|Any CPU
		{B3ACABB4-7A6B-451D-B8C4-B446BE54DA57}.DebugDev|Any CPU.ActiveCfg = Debug|Any CPU
		{B3ACABB4-7A6B-451D-B8C4-B446BE54DA57}.DebugDev|Any CPU.Build.0 = Debug|Any CPU
		{B3ACABB4-7A6B-451D-B8C4-B446BE54DA57}.DebugDev|x86.ActiveCfg = Debug|Any CPU
		{B3ACABB4-7A6B-451D-B8C4-B446BE54DA57}.DebugDev|x86.Build.0 = Debug|Any CPU
		{B3ACABB4-7A6B-451D-B8C4-B446BE54DA57}.DebugQas|Any CPU.ActiveCfg = Debug|Any CPU
		{B3ACABB4-7A6B-451D-B8C4-B446BE54DA57}.DebugQas|Any CPU.Build.0 = Debug|Any CPU
		{B3ACABB4-7A6B-451D-B8C4-B446BE54DA57}.DebugQas|x86.ActiveCfg = Debug|Any CPU
		{B3ACABB4-7A6B-451D-B8C4-B446BE54DA57}.DebugQas|x86.Build.0 = Debug|Any CPU
		{B3ACABB4-7A6B-451D-B8C4-B446BE54DA57}.Release|Any CPU.ActiveCfg = Release|Any CPU
		{B3ACABB4-7A6B-451D-B8C4-B446BE54DA57}.Release|Any CPU.Build.0 = Release|Any CPU
		{B3ACABB4-7A6B-451D-B8C4-B446BE54DA57}.Release|x86.ActiveCfg = Release|Any CPU
		{B3ACABB4-7A6B-451D-B8C4-B446BE54DA57}.Release|x86.Build.0 = Release|Any CPU
		{34F8A62A-B1E4-4C0D-88C8-BB8A0AD85E38}.Debug|Any CPU.ActiveCfg = Debug|Any CPU
		{34F8A62A-B1E4-4C0D-88C8-BB8A0AD85E38}.Debug|Any CPU.Build.0 = Debug|Any CPU
		{34F8A62A-B1E4-4C0D-88C8-BB8A0AD85E38}.Debug|x86.ActiveCfg = Debug|Any CPU
		{34F8A62A-B1E4-4C0D-88C8-BB8A0AD85E38}.Debug|x86.Build.0 = Debug|Any CPU
		{34F8A62A-B1E4-4C0D-88C8-BB8A0AD85E38}.DebugDev|Any CPU.ActiveCfg = Debug|Any CPU
		{34F8A62A-B1E4-4C0D-88C8-BB8A0AD85E38}.DebugDev|Any CPU.Build.0 = Debug|Any CPU
		{34F8A62A-B1E4-4C0D-88C8-BB8A0AD85E38}.DebugDev|x86.ActiveCfg = Debug|Any CPU
		{34F8A62A-B1E4-4C0D-88C8-BB8A0AD85E38}.DebugDev|x86.Build.0 = Debug|Any CPU
		{34F8A62A-B1E4-4C0D-88C8-BB8A0AD85E38}.DebugQas|Any CPU.ActiveCfg = Debug|Any CPU
		{34F8A62A-B1E4-4C0D-88C8-BB8A0AD85E38}.DebugQas|Any CPU.Build.0 = Debug|Any CPU
		{34F8A62A-B1E4-4C0D-88C8-BB8A0AD85E38}.DebugQas|x86.ActiveCfg = Debug|Any CPU
		{34F8A62A-B1E4-4C0D-88C8-BB8A0AD85E38}.DebugQas|x86.Build.0 = Debug|Any CPU
		{34F8A62A-B1E4-4C0D-88C8-BB8A0AD85E38}.Release|Any CPU.ActiveCfg = Release|Any CPU
		{34F8A62A-B1E4-4C0D-88C8-BB8A0AD85E38}.Release|Any CPU.Build.0 = Release|Any CPU
		{34F8A62A-B1E4-4C0D-88C8-BB8A0AD85E38}.Release|x86.ActiveCfg = Release|Any CPU
		{34F8A62A-B1E4-4C0D-88C8-BB8A0AD85E38}.Release|x86.Build.0 = Release|Any CPU
	EndGlobalSection
	GlobalSection(SolutionProperties) = preSolution
		HideSolutionNode = FALSE
	EndGlobalSection
	GlobalSection(NestedProjects) = preSolution
		{B909A0E6-C1D0-499A-A17B-1839979803E5} = {E55BA93A-01CC-4E24-82CC-AD8C680329D4}
		{079CC5F6-2575-4E40-9F3B-2500B2D21EDF} = {B909A0E6-C1D0-499A-A17B-1839979803E5}
		{10379638-B5B1-474D-B87E-AC70EDDFB637} = {E55BA93A-01CC-4E24-82CC-AD8C680329D4}
		{9346BBD1-7BC7-47C6-B747-B4A147901B6F} = {10379638-B5B1-474D-B87E-AC70EDDFB637}
		{3A9F6890-3D54-49E8-9482-AF67786C0DA8} = {10379638-B5B1-474D-B87E-AC70EDDFB637}
		{61C439D8-6B62-464E-84C8-53353374F0F9} = {10379638-B5B1-474D-B87E-AC70EDDFB637}
		{8A0D9159-AA26-4D51-AFDD-B6253B7AC562} = {B909A0E6-C1D0-499A-A17B-1839979803E5}
		{578D9E20-F142-4EFD-A57E-0B97B8269A90} = {10379638-B5B1-474D-B87E-AC70EDDFB637}
		{87D19EAA-2579-4660-94EA-F45B05EF6FD8} = {10379638-B5B1-474D-B87E-AC70EDDFB637}
		{59B69117-DAF5-4EF4-AFC8-F2056204CF06} = {E55BA93A-01CC-4E24-82CC-AD8C680329D4}
		{8ECAA0A7-9944-4271-84E9-689022B890A5} = {E55BA93A-01CC-4E24-82CC-AD8C680329D4}
		{C8CB4689-831F-4C5D-8250-7E73501F5C50} = {59B69117-DAF5-4EF4-AFC8-F2056204CF06}
		{208FCA99-1FD4-4AB5-B07C-DBB836995460} = {8ECAA0A7-9944-4271-84E9-689022B890A5}
		{3F05C693-1AE0-4F4C-80C8-EFD3F3940DAC} = {59B69117-DAF5-4EF4-AFC8-F2056204CF06}
		{9FB76912-0215-4BB2-ACBB-D62E84C7CA54} = {8ECAA0A7-9944-4271-84E9-689022B890A5}
		{6AA5270D-8327-4C9D-AD63-7424EEB87210} = {B909A0E6-C1D0-499A-A17B-1839979803E5}
		{C5AC03B2-62C3-4E0F-84B7-434046759957} = {59B69117-DAF5-4EF4-AFC8-F2056204CF06}
		{C0D7A887-1E8F-4702-91D8-D5FD2049D941} = {59B69117-DAF5-4EF4-AFC8-F2056204CF06}
		{2B6AAE41-B077-4750-A569-1780878C0C18} = {8ECAA0A7-9944-4271-84E9-689022B890A5}
		{03EB395C-F28F-49B8-B935-242F02E36E33} = {E55BA93A-01CC-4E24-82CC-AD8C680329D4}
		{B3ACABB4-7A6B-451D-B8C4-B446BE54DA57} = {10379638-B5B1-474D-B87E-AC70EDDFB637}
		{34F8A62A-B1E4-4C0D-88C8-BB8A0AD85E38} = {03EB395C-F28F-49B8-B935-242F02E36E33}
	EndGlobalSection
	GlobalSection(ExtensibilityGlobals) = postSolution
		SolutionGuid = {A1D53CE7-9A36-46E1-AEC7-3F27B2A5065F}
	EndGlobalSection
EndGlobal
